// !$*UTF8*$!
{
	archiveVersion = 1;
	classes = {
	};
	objectVersion = 56;
	objects = {

/* Begin PBXBuildFile section */
		1763B737297C9BDF00685EEF /* GrooveApp.swift in Sources */ = {isa = PBXBuildFile; fileRef = 1763B736297C9BDF00685EEF /* GrooveApp.swift */; };
		1763B739297C9BDF00685EEF /* ContentView.swift in Sources */ = {isa = PBXBuildFile; fileRef = 1763B738297C9BDF00685EEF /* ContentView.swift */; };
		1763B73B297C9BE000685EEF /* Assets.xcassets in Resources */ = {isa = PBXBuildFile; fileRef = 1763B73A297C9BE000685EEF /* Assets.xcassets */; };
		1763B73E297C9BE000685EEF /* Preview Assets.xcassets in Resources */ = {isa = PBXBuildFile; fileRef = 1763B73D297C9BE000685EEF /* Preview Assets.xcassets */; };
		1763B749297C9BE000685EEF /* GrooveTests.swift in Sources */ = {isa = PBXBuildFile; fileRef = 1763B748297C9BE000685EEF /* GrooveTests.swift */; };
		1763B753297C9BE000685EEF /* GrooveUITests.swift in Sources */ = {isa = PBXBuildFile; fileRef = 1763B752297C9BE000685EEF /* GrooveUITests.swift */; };
		1763B755297C9BE000685EEF /* GrooveUITestsLaunchTests.swift in Sources */ = {isa = PBXBuildFile; fileRef = 1763B754297C9BE000685EEF /* GrooveUITestsLaunchTests.swift */; };
/* End PBXBuildFile section */

/* Begin PBXContainerItemProxy section */
		1763B745297C9BE000685EEF /* PBXContainerItemProxy */ = {
			isa = PBXContainerItemProxy;
			containerPortal = 1763B72B297C9BDF00685EEF /* Project object */;
			proxyType = 1;
			remoteGlobalIDString = 1763B732297C9BDF00685EEF;
			remoteInfo = Groove;
		};
		1763B74F297C9BE000685EEF /* PBXContainerItemProxy */ = {
			isa = PBXContainerItemProxy;
			containerPortal = 1763B72B297C9BDF00685EEF /* Project object */;
			proxyType = 1;
			remoteGlobalIDString = 1763B732297C9BDF00685EEF;
			remoteInfo = Groove;
		};
/* End PBXContainerItemProxy section */

/* Begin PBXFileReference section */
		1763B733297C9BDF00685EEF /* Groove.app */ = {isa = PBXFileReference; explicitFileType = wrapper.application; includeInIndex = 0; path = Groove.app; sourceTree = BUILT_PRODUCTS_DIR; };
		1763B736297C9BDF00685EEF /* GrooveApp.swift */ = {isa = PBXFileReference; lastKnownFileType = sourcecode.swift; path = GrooveApp.swift; sourceTree = "<group>"; };
		1763B738297C9BDF00685EEF /* ContentView.swift */ = {isa = PBXFileReference; lastKnownFileType = sourcecode.swift; path = ContentView.swift; sourceTree = "<group>"; };
		1763B73A297C9BE000685EEF /* Assets.xcassets */ = {isa = PBXFileReference; lastKnownFileType = folder.assetcatalog; path = Assets.xcassets; sourceTree = "<group>"; };
		1763B73D297C9BE000685EEF /* Preview Assets.xcassets */ = {isa = PBXFileReference; lastKnownFileType = folder.assetcatalog; path = "Preview Assets.xcassets"; sourceTree = "<group>"; };
		1763B73F297C9BE000685EEF /* Groove.entitlements */ = {isa = PBXFileReference; lastKnownFileType = text.plist.entitlements; path = Groove.entitlements; sourceTree = "<group>"; };
		1763B744297C9BE000685EEF /* GrooveTests.xctest */ = {isa = PBXFileReference; explicitFileType = wrapper.cfbundle; includeInIndex = 0; path = GrooveTests.xctest; sourceTree = BUILT_PRODUCTS_DIR; };
		1763B748297C9BE000685EEF /* GrooveTests.swift */ = {isa = PBXFileReference; lastKnownFileType = sourcecode.swift; path = GrooveTests.swift; sourceTree = "<group>"; };
		1763B74E297C9BE000685EEF /* GrooveUITests.xctest */ = {isa = PBXFileReference; explicitFileType = wrapper.cfbundle; includeInIndex = 0; path = GrooveUITests.xctest; sourceTree = BUILT_PRODUCTS_DIR; };
		1763B752297C9BE000685EEF /* GrooveUITests.swift */ = {isa = PBXFileReference; lastKnownFileType = sourcecode.swift; path = GrooveUITests.swift; sourceTree = "<group>"; };
		1763B754297C9BE000685EEF /* GrooveUITestsLaunchTests.swift */ = {isa = PBXFileReference; lastKnownFileType = sourcecode.swift; path = GrooveUITestsLaunchTests.swift; sourceTree = "<group>"; };
/* End PBXFileReference section */

/* Begin PBXFrameworksBuildPhase section */
		1763B730297C9BDF00685EEF /* Frameworks */ = {
			isa = PBXFrameworksBuildPhase;
			buildActionMask = 2147483647;
			files = (
			);
			runOnlyForDeploymentPostprocessing = 0;
		};
		1763B741297C9BE000685EEF /* Frameworks */ = {
			isa = PBXFrameworksBuildPhase;
			buildActionMask = 2147483647;
			files = (
			);
			runOnlyForDeploymentPostprocessing = 0;
		};
		1763B74B297C9BE000685EEF /* Frameworks */ = {
			isa = PBXFrameworksBuildPhase;
			buildActionMask = 2147483647;
			files = (
			);
			runOnlyForDeploymentPostprocessing = 0;
		};
/* End PBXFrameworksBuildPhase section */

/* Begin PBXGroup section */
		1763B72A297C9BDF00685EEF = {
			isa = PBXGroup;
			children = (
				1763B735297C9BDF00685EEF /* Groove */,
				1763B747297C9BE000685EEF /* GrooveTests */,
				1763B751297C9BE000685EEF /* GrooveUITests */,
				1763B734297C9BDF00685EEF /* Products */,
			);
			sourceTree = "<group>";
		};
		1763B734297C9BDF00685EEF /* Products */ = {
			isa = PBXGroup;
			children = (
				1763B733297C9BDF00685EEF /* Groove.app */,
				1763B744297C9BE000685EEF /* GrooveTests.xctest */,
				1763B74E297C9BE000685EEF /* GrooveUITests.xctest */,
			);
			name = Products;
			sourceTree = "<group>";
		};
		1763B735297C9BDF00685EEF /* Groove */ = {
			isa = PBXGroup;
			children = (
				1763B736297C9BDF00685EEF /* GrooveApp.swift */,
				1763B738297C9BDF00685EEF /* ContentView.swift */,
				1763B73A297C9BE000685EEF /* Assets.xcassets */,
				1763B73F297C9BE000685EEF /* Groove.entitlements */,
				1763B73C297C9BE000685EEF /* Preview Content */,
			);
			path = Groove;
			sourceTree = "<group>";
		};
		1763B73C297C9BE000685EEF /* Preview Content */ = {
			isa = PBXGroup;
			children = (
				1763B73D297C9BE000685EEF /* Preview Assets.xcassets */,
			);
			path = "Preview Content";
			sourceTree = "<group>";
		};
		1763B747297C9BE000685EEF /* GrooveTests */ = {
			isa = PBXGroup;
			children = (
				1763B748297C9BE000685EEF /* GrooveTests.swift */,
			);
			path = GrooveTests;
			sourceTree = "<group>";
		};
		1763B751297C9BE000685EEF /* GrooveUITests */ = {
			isa = PBXGroup;
			children = (
				1763B752297C9BE000685EEF /* GrooveUITests.swift */,
				1763B754297C9BE000685EEF /* GrooveUITestsLaunchTests.swift */,
			);
			path = GrooveUITests;
			sourceTree = "<group>";
		};
/* End PBXGroup section */

/* Begin PBXNativeTarget section */
		1763B732297C9BDF00685EEF /* Groove */ = {
			isa = PBXNativeTarget;
			buildConfigurationList = 1763B758297C9BE000685EEF /* Build configuration list for PBXNativeTarget "Groove" */;
			buildPhases = (
				1763B72F297C9BDF00685EEF /* Sources */,
				1763B730297C9BDF00685EEF /* Frameworks */,
				1763B731297C9BDF00685EEF /* Resources */,
			);
			buildRules = (
			);
			dependencies = (
			);
			name = Groove;
			productName = Groove;
			productReference = 1763B733297C9BDF00685EEF /* Groove.app */;
			productType = "com.apple.product-type.application";
		};
		1763B743297C9BE000685EEF /* GrooveTests */ = {
			isa = PBXNativeTarget;
			buildConfigurationList = 1763B75B297C9BE000685EEF /* Build configuration list for PBXNativeTarget "GrooveTests" */;
			buildPhases = (
				1763B740297C9BE000685EEF /* Sources */,
				1763B741297C9BE000685EEF /* Frameworks */,
				1763B742297C9BE000685EEF /* Resources */,
			);
			buildRules = (
			);
			dependencies = (
				1763B746297C9BE000685EEF /* PBXTargetDependency */,
			);
			name = GrooveTests;
			productName = GrooveTests;
			productReference = 1763B744297C9BE000685EEF /* GrooveTests.xctest */;
			productType = "com.apple.product-type.bundle.unit-test";
		};
		1763B74D297C9BE000685EEF /* GrooveUITests */ = {
			isa = PBXNativeTarget;
			buildConfigurationList = 1763B75E297C9BE000685EEF /* Build configuration list for PBXNativeTarget "GrooveUITests" */;
			buildPhases = (
				1763B74A297C9BE000685EEF /* Sources */,
				1763B74B297C9BE000685EEF /* Frameworks */,
				1763B74C297C9BE000685EEF /* Resources */,
			);
			buildRules = (
			);
			dependencies = (
				1763B750297C9BE000685EEF /* PBXTargetDependency */,
			);
			name = GrooveUITests;
			productName = GrooveUITests;
			productReference = 1763B74E297C9BE000685EEF /* GrooveUITests.xctest */;
			productType = "com.apple.product-type.bundle.ui-testing";
		};
/* End PBXNativeTarget section */

/* Begin PBXProject section */
		1763B72B297C9BDF00685EEF /* Project object */ = {
			isa = PBXProject;
			attributes = {
				BuildIndependentTargetsInParallel = 1;
				LastSwiftUpdateCheck = 1420;
				LastUpgradeCheck = 1420;
				TargetAttributes = {
					1763B732297C9BDF00685EEF = {
						CreatedOnToolsVersion = 14.2;
					};
					1763B743297C9BE000685EEF = {
						CreatedOnToolsVersion = 14.2;
						TestTargetID = 1763B732297C9BDF00685EEF;
					};
					1763B74D297C9BE000685EEF = {
						CreatedOnToolsVersion = 14.2;
						TestTargetID = 1763B732297C9BDF00685EEF;
					};
				};
			};
			buildConfigurationList = 1763B72E297C9BDF00685EEF /* Build configuration list for PBXProject "Groove" */;
			compatibilityVersion = "Xcode 14.0";
			developmentRegion = en;
			hasScannedForEncodings = 0;
			knownRegions = (
				en,
				Base,
			);
			mainGroup = 1763B72A297C9BDF00685EEF;
			productRefGroup = 1763B734297C9BDF00685EEF /* Products */;
			projectDirPath = "";
			projectRoot = "";
			targets = (
				1763B732297C9BDF00685EEF /* Groove */,
				1763B743297C9BE000685EEF /* GrooveTests */,
				1763B74D297C9BE000685EEF /* GrooveUITests */,
			);
		};
/* End PBXProject section */

/* Begin PBXResourcesBuildPhase section */
		1763B731297C9BDF00685EEF /* Resources */ = {
			isa = PBXResourcesBuildPhase;
			buildActionMask = 2147483647;
			files = (
				1763B73E297C9BE000685EEF /* Preview Assets.xcassets in Resources */,
				1763B73B297C9BE000685EEF /* Assets.xcassets in Resources */,
			);
			runOnlyForDeploymentPostprocessing = 0;
		};
		1763B742297C9BE000685EEF /* Resources */ = {
			isa = PBXResourcesBuildPhase;
			buildActionMask = 2147483647;
			files = (
			);
			runOnlyForDeploymentPostprocessing = 0;
		};
		1763B74C297C9BE000685EEF /* Resources */ = {
			isa = PBXResourcesBuildPhase;
			buildActionMask = 2147483647;
			files = (
			);
			runOnlyForDeploymentPostprocessing = 0;
		};
/* End PBXResourcesBuildPhase section */

/* Begin PBXSourcesBuildPhase section */
		1763B72F297C9BDF00685EEF /* Sources */ = {
			isa = PBXSourcesBuildPhase;
			buildActionMask = 2147483647;
			files = (
				1763B739297C9BDF00685EEF /* ContentView.swift in Sources */,
				1763B737297C9BDF00685EEF /* GrooveApp.swift in Sources */,
			);
			runOnlyForDeploymentPostprocessing = 0;
		};
		1763B740297C9BE000685EEF /* Sources */ = {
			isa = PBXSourcesBuildPhase;
			buildActionMask = 2147483647;
			files = (
				1763B749297C9BE000685EEF /* GrooveTests.swift in Sources */,
			);
			runOnlyForDeploymentPostprocessing = 0;
		};
		1763B74A297C9BE000685EEF /* Sources */ = {
			isa = PBXSourcesBuildPhase;
			buildActionMask = 2147483647;
			files = (
				1763B755297C9BE000685EEF /* GrooveUITestsLaunchTests.swift in Sources */,
				1763B753297C9BE000685EEF /* GrooveUITests.swift in Sources */,
			);
			runOnlyForDeploymentPostprocessing = 0;
		};
/* End PBXSourcesBuildPhase section */

/* Begin PBXTargetDependency section */
		1763B746297C9BE000685EEF /* PBXTargetDependency */ = {
			isa = PBXTargetDependency;
			target = 1763B732297C9BDF00685EEF /* Groove */;
			targetProxy = 1763B745297C9BE000685EEF /* PBXContainerItemProxy */;
		};
		1763B750297C9BE000685EEF /* PBXTargetDependency */ = {
			isa = PBXTargetDependency;
			target = 1763B732297C9BDF00685EEF /* Groove */;
			targetProxy = 1763B74F297C9BE000685EEF /* PBXContainerItemProxy */;
		};
/* End PBXTargetDependency section */

/* Begin XCBuildConfiguration section */
		1763B756297C9BE000685EEF /* Debug */ = {
			isa = XCBuildConfiguration;
			buildSettings = {
				ALWAYS_SEARCH_USER_PATHS = NO;
				CLANG_ANALYZER_NONNULL = YES;
				CLANG_ANALYZER_NUMBER_OBJECT_CONVERSION = YES_AGGRESSIVE;
				CLANG_CXX_LANGUAGE_STANDARD = "gnu++20";
				CLANG_ENABLE_MODULES = YES;
				CLANG_ENABLE_OBJC_ARC = YES;
				CLANG_ENABLE_OBJC_WEAK = YES;
				CLANG_WARN_BLOCK_CAPTURE_AUTORELEASING = YES;
				CLANG_WARN_BOOL_CONVERSION = YES;
				CLANG_WARN_COMMA = YES;
				CLANG_WARN_CONSTANT_CONVERSION = YES;
				CLANG_WARN_DEPRECATED_OBJC_IMPLEMENTATIONS = YES;
				CLANG_WARN_DIRECT_OBJC_ISA_USAGE = YES_ERROR;
				CLANG_WARN_DOCUMENTATION_COMMENTS = YES;
				CLANG_WARN_EMPTY_BODY = YES;
				CLANG_WARN_ENUM_CONVERSION = YES;
				CLANG_WARN_INFINITE_RECURSION = YES;
				CLANG_WARN_INT_CONVERSION = YES;
				CLANG_WARN_NON_LITERAL_NULL_CONVERSION = YES;
				CLANG_WARN_OBJC_IMPLICIT_RETAIN_SELF = YES;
				CLANG_WARN_OBJC_LITERAL_CONVERSION = YES;
				CLANG_WARN_OBJC_ROOT_CLASS = YES_ERROR;
				CLANG_WARN_QUOTED_INCLUDE_IN_FRAMEWORK_HEADER = YES;
				CLANG_WARN_RANGE_LOOP_ANALYSIS = YES;
				CLANG_WARN_STRICT_PROTOTYPES = YES;
				CLANG_WARN_SUSPICIOUS_MOVE = YES;
				CLANG_WARN_UNGUARDED_AVAILABILITY = YES_AGGRESSIVE;
				CLANG_WARN_UNREACHABLE_CODE = YES;
				CLANG_WARN__DUPLICATE_METHOD_MATCH = YES;
				COPY_PHASE_STRIP = NO;
				DEBUG_INFORMATION_FORMAT = dwarf;
				ENABLE_STRICT_OBJC_MSGSEND = YES;
				ENABLE_TESTABILITY = YES;
				GCC_C_LANGUAGE_STANDARD = gnu11;
				GCC_DYNAMIC_NO_PIC = NO;
				GCC_NO_COMMON_BLOCKS = YES;
				GCC_OPTIMIZATION_LEVEL = 0;
				GCC_PREPROCESSOR_DEFINITIONS = (
					"DEBUG=1",
					"$(inherited)",
				);
				GCC_WARN_64_TO_32_BIT_CONVERSION = YES;
				GCC_WARN_ABOUT_RETURN_TYPE = YES_ERROR;
				GCC_WARN_UNDECLARED_SELECTOR = YES;
				GCC_WARN_UNINITIALIZED_AUTOS = YES_AGGRESSIVE;
				GCC_WARN_UNUSED_FUNCTION = YES;
				GCC_WARN_UNUSED_VARIABLE = YES;
				MACOSX_DEPLOYMENT_TARGET = 13.1;
				MTL_ENABLE_DEBUG_INFO = INCLUDE_SOURCE;
				MTL_FAST_MATH = YES;
				ONLY_ACTIVE_ARCH = YES;
				SDKROOT = macosx;
				SWIFT_ACTIVE_COMPILATION_CONDITIONS = DEBUG;
				SWIFT_OPTIMIZATION_LEVEL = "-Onone";
			};
			name = Debug;
		};
		1763B757297C9BE000685EEF /* Release */ = {
			isa = XCBuildConfiguration;
			buildSettings = {
				ALWAYS_SEARCH_USER_PATHS = NO;
				CLANG_ANALYZER_NONNULL = YES;
				CLANG_ANALYZER_NUMBER_OBJECT_CONVERSION = YES_AGGRESSIVE;
				CLANG_CXX_LANGUAGE_STANDARD = "gnu++20";
				CLANG_ENABLE_MODULES = YES;
				CLANG_ENABLE_OBJC_ARC = YES;
				CLANG_ENABLE_OBJC_WEAK = YES;
				CLANG_WARN_BLOCK_CAPTURE_AUTORELEASING = YES;
				CLANG_WARN_BOOL_CONVERSION = YES;
				CLANG_WARN_COMMA = YES;
				CLANG_WARN_CONSTANT_CONVERSION = YES;
				CLANG_WARN_DEPRECATED_OBJC_IMPLEMENTATIONS = YES;
				CLANG_WARN_DIRECT_OBJC_ISA_USAGE = YES_ERROR;
				CLANG_WARN_DOCUMENTATION_COMMENTS = YES;
				CLANG_WARN_EMPTY_BODY = YES;
				CLANG_WARN_ENUM_CONVERSION = YES;
				CLANG_WARN_INFINITE_RECURSION = YES;
				CLANG_WARN_INT_CONVERSION = YES;
				CLANG_WARN_NON_LITERAL_NULL_CONVERSION = YES;
				CLANG_WARN_OBJC_IMPLICIT_RETAIN_SELF = YES;
				CLANG_WARN_OBJC_LITERAL_CONVERSION = YES;
				CLANG_WARN_OBJC_ROOT_CLASS = YES_ERROR;
				CLANG_WARN_QUOTED_INCLUDE_IN_FRAMEWORK_HEADER = YES;
				CLANG_WARN_RANGE_LOOP_ANALYSIS = YES;
				CLANG_WARN_STRICT_PROTOTYPES = YES;
				CLANG_WARN_SUSPICIOUS_MOVE = YES;
				CLANG_WARN_UNGUARDED_AVAILABILITY = YES_AGGRESSIVE;
				CLANG_WARN_UNREACHABLE_CODE = YES;
				CLANG_WARN__DUPLICATE_METHOD_MATCH = YES;
				COPY_PHASE_STRIP = NO;
				DEBUG_INFORMATION_FORMAT = "dwarf-with-dsym";
				ENABLE_NS_ASSERTIONS = NO;
				ENABLE_STRICT_OBJC_MSGSEND = YES;
				GCC_C_LANGUAGE_STANDARD = gnu11;
				GCC_NO_COMMON_BLOCKS = YES;
				GCC_WARN_64_TO_32_BIT_CONVERSION = YES;
				GCC_WARN_ABOUT_RETURN_TYPE = YES_ERROR;
				GCC_WARN_UNDECLARED_SELECTOR = YES;
				GCC_WARN_UNINITIALIZED_AUTOS = YES_AGGRESSIVE;
				GCC_WARN_UNUSED_FUNCTION = YES;
				GCC_WARN_UNUSED_VARIABLE = YES;
				MACOSX_DEPLOYMENT_TARGET = 13.1;
				MTL_ENABLE_DEBUG_INFO = NO;
				MTL_FAST_MATH = YES;
				SDKROOT = macosx;
				SWIFT_COMPILATION_MODE = wholemodule;
				SWIFT_OPTIMIZATION_LEVEL = "-O";
			};
			name = Release;
		};
		1763B759297C9BE000685EEF /* Debug */ = {
			isa = XCBuildConfiguration;
			buildSettings = {
				ASSETCATALOG_COMPILER_APPICON_NAME = AppIcon;
				ASSETCATALOG_COMPILER_GLOBAL_ACCENT_COLOR_NAME = AccentColor;
				CODE_SIGN_ENTITLEMENTS = Groove/Groove.entitlements;
				CODE_SIGN_STYLE = Automatic;
				COMBINE_HIDPI_IMAGES = YES;
				CURRENT_PROJECT_VERSION = 1;
				DEVELOPMENT_ASSET_PATHS = "\"Groove/Preview Content\"";
				DEVELOPMENT_TEAM = 5THC6CU8TT;
				ENABLE_HARDENED_RUNTIME = YES;
				ENABLE_PREVIEWS = YES;
				GENERATE_INFOPLIST_FILE = YES;
				INFOPLIST_KEY_NSHumanReadableCopyright = "";
				LD_RUNPATH_SEARCH_PATHS = (
					"$(inherited)",
					"@executable_path/../Frameworks",
				);
				MARKETING_VERSION = 1.0;
				PRODUCT_BUNDLE_IDENTIFIER = com.jordang.Groove;
				PRODUCT_NAME = "$(TARGET_NAME)";
				SWIFT_EMIT_LOC_STRINGS = YES;
				SWIFT_VERSION = 5.0;
			};
			name = Debug;
		};
		1763B75A297C9BE000685EEF /* Release */ = {
			isa = XCBuildConfiguration;
			buildSettings = {
				ASSETCATALOG_COMPILER_APPICON_NAME = AppIcon;
				ASSETCATALOG_COMPILER_GLOBAL_ACCENT_COLOR_NAME = AccentColor;
				CODE_SIGN_ENTITLEMENTS = Groove/Groove.entitlements;
				CODE_SIGN_STYLE = Automatic;
				COMBINE_HIDPI_IMAGES = YES;
				CURRENT_PROJECT_VERSION = 1;
				DEVELOPMENT_ASSET_PATHS = "\"Groove/Preview Content\"";
				DEVELOPMENT_TEAM = 5THC6CU8TT;
				ENABLE_HARDENED_RUNTIME = YES;
				ENABLE_PREVIEWS = YES;
				GENERATE_INFOPLIST_FILE = YES;
				INFOPLIST_KEY_NSHumanReadableCopyright = "";
				LD_RUNPATH_SEARCH_PATHS = (
					"$(inherited)",
					"@executable_path/../Frameworks",
				);
				MARKETING_VERSION = 1.0;
				PRODUCT_BUNDLE_IDENTIFIER = com.jordang.Groove;
				PRODUCT_NAME = "$(TARGET_NAME)";
				SWIFT_EMIT_LOC_STRINGS = YES;
				SWIFT_VERSION = 5.0;
			};
			name = Release;
		};
		1763B75C297C9BE000685EEF /* Debug */ = {
			isa = XCBuildConfiguration;
			buildSettings = {
				ALWAYS_EMBED_SWIFT_STANDARD_LIBRARIES = YES;
				BUNDLE_LOADER = "$(TEST_HOST)";
				CODE_SIGN_STYLE = Automatic;
				CURRENT_PROJECT_VERSION = 1;
				DEVELOPMENT_TEAM = 5THC6CU8TT;
				GENERATE_INFOPLIST_FILE = YES;
				MACOSX_DEPLOYMENT_TARGET = 13.1;
				MARKETING_VERSION = 1.0;
				PRODUCT_BUNDLE_IDENTIFIER = com.jordang.GrooveTests;
				PRODUCT_NAME = "$(TARGET_NAME)";
				SWIFT_EMIT_LOC_STRINGS = NO;
				SWIFT_VERSION = 5.0;
				TEST_HOST = "$(BUILT_PRODUCTS_DIR)/Groove.app/$(BUNDLE_EXECUTABLE_FOLDER_PATH)/Groove";
			};
			name = Debug;
		};
		1763B75D297C9BE000685EEF /* Release */ = {
			isa = XCBuildConfiguration;
			buildSettings = {
				ALWAYS_EMBED_SWIFT_STANDARD_LIBRARIES = YES;
				BUNDLE_LOADER = "$(TEST_HOST)";
				CODE_SIGN_STYLE = Automatic;
				CURRENT_PROJECT_VERSION = 1;
				DEVELOPMENT_TEAM = 5THC6CU8TT;
				GENERATE_INFOPLIST_FILE = YES;
				MACOSX_DEPLOYMENT_TARGET = 13.1;
				MARKETING_VERSION = 1.0;
				PRODUCT_BUNDLE_IDENTIFIER = com.jordang.GrooveTests;
				PRODUCT_NAME = "$(TARGET_NAME)";
				SWIFT_EMIT_LOC_STRINGS = NO;
				SWIFT_VERSION = 5.0;
				TEST_HOST = "$(BUILT_PRODUCTS_DIR)/Groove.app/$(BUNDLE_EXECUTABLE_FOLDER_PATH)/Groove";
			};
			name = Release;
		};
		1763B75F297C9BE000685EEF /* Debug */ = {
			isa = XCBuildConfiguration;
			buildSettings = {
				ALWAYS_EMBED_SWIFT_STANDARD_LIBRARIES = YES;
				CODE_SIGN_STYLE = Automatic;
				CURRENT_PROJECT_VERSION = 1;
				DEVELOPMENT_TEAM = 5THC6CU8TT;
				GENERATE_INFOPLIST_FILE = YES;
				MARKETING_VERSION = 1.0;
				PRODUCT_BUNDLE_IDENTIFIER = com.jordang.GrooveUITests;
				PRODUCT_NAME = "$(TARGET_NAME)";
				SWIFT_EMIT_LOC_STRINGS = NO;
				SWIFT_VERSION = 5.0;
				TEST_TARGET_NAME = Groove;
			};
			name = Debug;
		};
		1763B760297C9BE000685EEF /* Release */ = {
			isa = XCBuildConfiguration;
			buildSettings = {
				ALWAYS_EMBED_SWIFT_STANDARD_LIBRARIES = YES;
				CODE_SIGN_STYLE = Automatic;
				CURRENT_PROJECT_VERSION = 1;
				DEVELOPMENT_TEAM = 5THC6CU8TT;
				GENERATE_INFOPLIST_FILE = YES;
				MARKETING_VERSION = 1.0;
				PRODUCT_BUNDLE_IDENTIFIER = com.jordang.GrooveUITests;
				PRODUCT_NAME = "$(TARGET_NAME)";
				SWIFT_EMIT_LOC_STRINGS = NO;
				SWIFT_VERSION = 5.0;
				TEST_TARGET_NAME = Groove;
			};
			name = Release;
		};
/* End XCBuildConfiguration section */

/* Begin XCConfigurationList section */
		1763B72E297C9BDF00685EEF /* Build configuration list for PBXProject "Groove" */ = {
			isa = XCConfigurationList;
			buildConfigurations = (
				1763B756297C9BE000685EEF /* Debug */,
				1763B757297C9BE000685EEF /* Release */,
			);
			defaultConfigurationIsVisible = 0;
			defaultConfigurationName = Release;
		};
		1763B758297C9BE000685EEF /* Build configuration list for PBXNativeTarget "Groove" */ = {
			isa = XCConfigurationList;
			buildConfigurations = (
				1763B759297C9BE000685EEF /* Debug */,
				1763B75A297C9BE000685EEF /* Release */,
			);
			defaultConfigurationIsVisible = 0;
			defaultConfigurationName = Release;
		};
		1763B75B297C9BE000685EEF /* Build configuration list for PBXNativeTarget "GrooveTests" */ = {
			isa = XCConfigurationList;
			buildConfigurations = (
				1763B75C297C9BE000685EEF /* Debug */,
				1763B75D297C9BE000685EEF /* Release */,
			);
			defaultConfigurationIsVisible = 0;
			defaultConfigurationName = Release;
		};
		1763B75E297C9BE000685EEF /* Build configuration list for PBXNativeTarget "GrooveUITests" */ = {
			isa = XCConfigurationList;
			buildConfigurations = (
				1763B75F297C9BE000685EEF /* Debug */,
				1763B760297C9BE000685EEF /* Release */,
			);
			defaultConfigurationIsVisible = 0;
			defaultConfigurationName = Release;
		};
/* End XCConfigurationList section */
	};
	rootObject = 1763B72B297C9BDF00685EEF /* Project object */;
}
